{
  "name": "TodoList-TTNVM",
  "lockfileVersion": 3,
  "requires": true,
  "packages": {
    "": {
      "dependencies": {
        "react-native-toast-message": "^2.3.3"
      }
    },
    "node_modules/react-native-toast-message": {
      "version": "2.3.3",
      "resolved": "https://registry.npmjs.org/react-native-toast-message/-/react-native-toast-message-2.3.3.tgz",
      "integrity": "sha512-4IIUHwUPvKHu4gjD0Vj2aGQzqPATiblL1ey8tOqsxOWRPGGu52iIbL8M/mCz4uyqecvPdIcMY38AfwRuUADfQQ==",
      "license": "MIT",
      "peerDependencies": {
        "react": "*",
        "react-native": "*"
      }
    }
  }
}
